
Microsoft Visual Studio Solution File, Format Version 12.00
# Visual Studio Version 17
VisualStudioVersion = 17.0.32002.185
MinimumVisualStudioVersion = 10.0.40219.1
Project("{FAE04EC0-301F-11D3-BF4B-00C04F79EFBC}") = "MusicStreamServer", "MusicStreamServer.csproj", "{EB215FD2-D089-424C-9F2C-85B2C61CC06C}"
EndProject
Global
	GlobalSection(SolutionConfigurationPlatforms) = preSolution
		Debug|Any CPU = Debug|Any CPU
		Release|Any CPU = Release|Any CPU
	EndGlobalSection
	GlobalSection(ProjectConfigurationPlatforms) = postSolution
		{EB215FD2-D089-424C-9F2C-85B2C61CC06C}.Debug|Any CPU.ActiveCfg = Debug|Any CPU
		{EB215FD2-D089-424C-9F2C-85B2C61CC06C}.Debug|Any CPU.Build.0 = Debug|Any CPU
		{EB215FD2-D089-424C-9F2C-85B2C61CC06C}.Release|Any CPU.ActiveCfg = Release|Any CPU
		{EB215FD2-D089-424C-9F2C-85B2C61CC06C}.Release|Any CPU.Build.0 = Release|Any CPU
	EndGlobalSection
	GlobalSection(SolutionProperties) = preSolution
		HideSolutionNode = FALSE
	EndGlobalSection
	GlobalSection(ExtensibilityGlobals) = postSolution
		SolutionGuid = {60EB4E2B-EA98-42D9-ABA3-8471152274F1}
	EndGlobalSection
EndGlobal
